// !$*UTF8*$!
{
	archiveVersion = 1;
	classes = {
	};
	objectVersion = 46;
	objects = {

/* Begin PBXBuildFile section */
		2A925FEB1A685B47009BE1C7 /* main.m in Sources */ = {isa = PBXBuildFile; fileRef = 2A925FEA1A685B47009BE1C7 /* main.m */; };
		2A925FEE1A685B47009BE1C7 /* AppDelegate.m in Sources */ = {isa = PBXBuildFile; fileRef = 2A925FED1A685B47009BE1C7 /* AppDelegate.m */; };
		2A925FF11A685B47009BE1C7 /* ViewController.m in Sources */ = {isa = PBXBuildFile; fileRef = 2A925FF01A685B47009BE1C7 /* ViewController.m */; };
		2A925FF41A685B47009BE1C7 /* Main.storyboard in Resources */ = {isa = PBXBuildFile; fileRef = 2A925FF21A685B47009BE1C7 /* Main.storyboard */; };
		2A925FF61A685B47009BE1C7 /* Images.xcassets in Resources */ = {isa = PBXBuildFile; fileRef = 2A925FF51A685B47009BE1C7 /* Images.xcassets */; };
		2A925FF91A685B47009BE1C7 /* LaunchScreen.xib in Resources */ = {isa = PBXBuildFile; fileRef = 2A925FF71A685B47009BE1C7 /* LaunchScreen.xib */; };
		2A9260051A685B47009BE1C7 /* AirDrop_DemoTests.m in Sources */ = {isa = PBXBuildFile; fileRef = 2A9260041A685B47009BE1C7 /* AirDrop_DemoTests.m */; };
/* End PBXBuildFile section */

/* Begin PBXContainerItemProxy section */
		2A925FFF1A685B47009BE1C7 /* PBXContainerItemProxy */ = {
			isa = PBXContainerItemProxy;
			containerPortal = 2A925FDD1A685B47009BE1C7 /* Project object */;
			proxyType = 1;
			remoteGlobalIDString = 2A925FE41A685B47009BE1C7;
			remoteInfo = "AirDrop Demo";
		};
/* End PBXContainerItemProxy section */

/* Begin PBXFileReference section */
		2A925FE51A685B47009BE1C7 /* AirDrop Demo.app */ = {isa = PBXFileReference; explicitFileType = wrapper.application; includeInIndex = 0; path = "AirDrop Demo.app"; sourceTree = BUILT_PRODUCTS_DIR; };
		2A925FE91A685B47009BE1C7 /* Info.plist */ = {isa = PBXFileReference; lastKnownFileType = text.plist.xml; path = Info.plist; sourceTree = "<group>"; };
		2A925FEA1A685B47009BE1C7 /* main.m */ = {isa = PBXFileReference; lastKnownFileType = sourcecode.c.objc; path = main.m; sourceTree = "<group>"; };
		2A925FEC1A685B47009BE1C7 /* AppDelegate.h */ = {isa = PBXFileReference; lastKnownFileType = sourcecode.c.h; path = AppDelegate.h; sourceTree = "<group>"; };
		2A925FED1A685B47009BE1C7 /* AppDelegate.m */ = {isa = PBXFileReference; lastKnownFileType = sourcecode.c.objc; path = AppDelegate.m; sourceTree = "<group>"; };
		2A925FEF1A685B47009BE1C7 /* ViewController.h */ = {isa = PBXFileReference; lastKnownFileType = sourcecode.c.h; path = ViewController.h; sourceTree = "<group>"; };
		2A925FF01A685B47009BE1C7 /* ViewController.m */ = {isa = PBXFileReference; lastKnownFileType = sourcecode.c.objc; path = ViewController.m; sourceTree = "<group>"; };
		2A925FF31A685B47009BE1C7 /* Base */ = {isa = PBXFileReference; lastKnownFileType = file.storyboard; name = Base; path = Base.lproj/Main.storyboard; sourceTree = "<group>"; };
		2A925FF51A685B47009BE1C7 /* Images.xcassets */ = {isa = PBXFileReference; lastKnownFileType = folder.assetcatalog; path = Images.xcassets; sourceTree = "<group>"; };
		2A925FF81A685B47009BE1C7 /* Base */ = {isa = PBXFileReference; lastKnownFileType = file.xib; name = Base; path = Base.lproj/LaunchScreen.xib; sourceTree = "<group>"; };
		2A925FFE1A685B47009BE1C7 /* AirDrop DemoTests.xctest */ = {isa = PBXFileReference; explicitFileType = wrapper.cfbundle; includeInIndex = 0; path = "AirDrop DemoTests.xctest"; sourceTree = BUILT_PRODUCTS_DIR; };
		2A9260031A685B47009BE1C7 /* Info.plist */ = {isa = PBXFileReference; lastKnownFileType = text.plist.xml; path = Info.plist; sourceTree = "<group>"; };
		2A9260041A685B47009BE1C7 /* AirDrop_DemoTests.m */ = {isa = PBXFileReference; lastKnownFileType = sourcecode.c.objc; path = AirDrop_DemoTests.m; sourceTree = "<group>"; };
/* End PBXFileReference section */

/* Begin PBXFrameworksBuildPhase section */
		2A925FE21A685B47009BE1C7 /* Frameworks */ = {
			isa = PBXFrameworksBuildPhase;
			buildActionMask = 2147483647;
			files = (
			);
			runOnlyForDeploymentPostprocessing = 0;
		};
		2A925FFB1A685B47009BE1C7 /* Frameworks */ = {
			isa = PBXFrameworksBuildPhase;
			buildActionMask = 2147483647;
			files = (
			);
			runOnlyForDeploymentPostprocessing = 0;
		};
/* End PBXFrameworksBuildPhase section */

/* Begin PBXGroup section */
		2A925FDC1A685B47009BE1C7 = {
			isa = PBXGroup;
			children = (
				2A925FE71A685B47009BE1C7 /* AirDrop Demo */,
				2A9260011A685B47009BE1C7 /* AirDrop DemoTests */,
				2A925FE61A685B47009BE1C7 /* Products */,
			);
			sourceTree = "<group>";
		};
		2A925FE61A685B47009BE1C7 /* Products */ = {
			isa = PBXGroup;
			children = (
				2A925FE51A685B47009BE1C7 /* AirDrop Demo.app */,
				2A925FFE1A685B47009BE1C7 /* AirDrop DemoTests.xctest */,
			);
			name = Products;
			sourceTree = "<group>";
		};
		2A925FE71A685B47009BE1C7 /* AirDrop Demo */ = {
			isa = PBXGroup;
			children = (
				2A925FEC1A685B47009BE1C7 /* AppDelegate.h */,
				2A925FED1A685B47009BE1C7 /* AppDelegate.m */,
				2A925FEF1A685B47009BE1C7 /* ViewController.h */,
				2A925FF01A685B47009BE1C7 /* ViewController.m */,
				2A925FF21A685B47009BE1C7 /* Main.storyboard */,
				2A925FF51A685B47009BE1C7 /* Images.xcassets */,
				2A925FF71A685B47009BE1C7 /* LaunchScreen.xib */,
				2A925FE81A685B47009BE1C7 /* Supporting Files */,
			);
			path = "AirDrop Demo";
			sourceTree = "<group>";
		};
		2A925FE81A685B47009BE1C7 /* Supporting Files */ = {
			isa = PBXGroup;
			children = (
				2A925FE91A685B47009BE1C7 /* Info.plist */,
				2A925FEA1A685B47009BE1C7 /* main.m */,
			);
			name = "Supporting Files";
			sourceTree = "<group>";
		};
		2A9260011A685B47009BE1C7 /* AirDrop DemoTests */ = {
			isa = PBXGroup;
			children = (
				2A9260041A685B47009BE1C7 /* AirDrop_DemoTests.m */,
				2A9260021A685B47009BE1C7 /* Supporting Files */,
			);
			path = "AirDrop DemoTests";
			sourceTree = "<group>";
		};
		2A9260021A685B47009BE1C7 /* Supporting Files */ = {
			isa = PBXGroup;
			children = (
				2A9260031A685B47009BE1C7 /* Info.plist */,
			);
			name = "Supporting Files";
			sourceTree = "<group>";
		};
/* End PBXGroup section */

/* Begin PBXNativeTarget section */
		2A925FE41A685B47009BE1C7 /* AirDrop Demo */ = {
			isa = PBXNativeTarget;
			buildConfigurationList = 2A9260081A685B47009BE1C7 /* Build configuration list for PBXNativeTarget "AirDrop Demo" */;
			buildPhases = (
				2A925FE11A685B47009BE1C7 /* Sources */,
				2A925FE21A685B47009BE1C7 /* Frameworks */,
				2A925FE31A685B47009BE1C7 /* Resources */,
			);
			buildRules = (
			);
			dependencies = (
			);
			name = "AirDrop Demo";
			productName = "AirDrop Demo";
			productReference = 2A925FE51A685B47009BE1C7 /* AirDrop Demo.app */;
			productType = "com.apple.product-type.application";
		};
		2A925FFD1A685B47009BE1C7 /* AirDrop DemoTests */ = {
			isa = PBXNativeTarget;
			buildConfigurationList = 2A92600B1A685B47009BE1C7 /* Build configuration list for PBXNativeTarget "AirDrop DemoTests" */;
			buildPhases = (
				2A925FFA1A685B47009BE1C7 /* Sources */,
				2A925FFB1A685B47009BE1C7 /* Frameworks */,
				2A925FFC1A685B47009BE1C7 /* Resources */,
			);
			buildRules = (
			);
			dependencies = (
				2A9260001A685B47009BE1C7 /* PBXTargetDependency */,
			);
			name = "AirDrop DemoTests";
			productName = "AirDrop DemoTests";
			productReference = 2A925FFE1A685B47009BE1C7 /* AirDrop DemoTests.xctest */;
			productType = "com.apple.product-type.bundle.unit-test";
		};
/* End PBXNativeTarget section */

/* Begin PBXProject section */
		2A925FDD1A685B47009BE1C7 /* Project object */ = {
			isa = PBXProject;
			attributes = {
				LastUpgradeCheck = 0610;
				ORGANIZATIONNAME = nwmissouri;
				TargetAttributes = {
					2A925FE41A685B47009BE1C7 = {
						CreatedOnToolsVersion = 6.1.1;
					};
					2A925FFD1A685B47009BE1C7 = {
						CreatedOnToolsVersion = 6.1.1;
						TestTargetID = 2A925FE41A685B47009BE1C7;
					};
				};
			};
			buildConfigurationList = 2A925FE01A685B47009BE1C7 /* Build configuration list for PBXProject "AirDrop Demo" */;
			compatibilityVersion = "Xcode 3.2";
			developmentRegion = English;
			hasScannedForEncodings = 0;
			knownRegions = (
				en,
				Base,
			);
			mainGroup = 2A925FDC1A685B47009BE1C7;
			productRefGroup = 2A925FE61A685B47009BE1C7 /* Products */;
			projectDirPath = "";
			projectRoot = "";
			targets = (
				2A925FE41A685B47009BE1C7 /* AirDrop Demo */,
				2A925FFD1A685B47009BE1C7 /* AirDrop DemoTests */,
			);
		};
/* End PBXProject section */

/* Begin PBXResourcesBuildPhase section */
		2A925FE31A685B47009BE1C7 /* Resources */ = {
			isa = PBXResourcesBuildPhase;
			buildActionMask = 2147483647;
			files = (
				2A925FF41A685B47009BE1C7 /* Main.storyboard in Resources */,
				2A925FF91A685B47009BE1C7 /* LaunchScreen.xib in Resources */,
				2A925FF61A685B47009BE1C7 /* Images.xcassets in Resources */,
			);
			runOnlyForDeploymentPostprocessing = 0;
		};
		2A925FFC1A685B47009BE1C7 /* Resources */ = {
			isa = PBXResourcesBuildPhase;
			buildActionMask = 2147483647;
			files = (
			);
			runOnlyForDeploymentPostprocessing = 0;
		};
/* End PBXResourcesBuildPhase section */

/* Begin PBXSourcesBuildPhase section */
		2A925FE11A685B47009BE1C7 /* Sources */ = {
			isa = PBXSourcesBuildPhase;
			buildActionMask = 2147483647;
			files = (
				2A925FF11A685B47009BE1C7 /* ViewController.m in Sources */,
				2A925FEE1A685B47009BE1C7 /* AppDelegate.m in Sources */,
				2A925FEB1A685B47009BE1C7 /* main.m in Sources */,
			);
			runOnlyForDeploymentPostprocessing = 0;
		};
		2A925FFA1A685B47009BE1C7 /* Sources */ = {
			isa = PBXSourcesBuildPhase;
			buildActionMask = 2147483647;
			files = (
				2A9260051A685B47009BE1C7 /* AirDrop_DemoTests.m in Sources */,
			);
			runOnlyForDeploymentPostprocessing = 0;
		};
/* End PBXSourcesBuildPhase section */

/* Begin PBXTargetDependency section */
		2A9260001A685B47009BE1C7 /* PBXTargetDependency */ = {
			isa = PBXTargetDependency;
			target = 2A925FE41A685B47009BE1C7 /* AirDrop Demo */;
			targetProxy = 2A925FFF1A685B47009BE1C7 /* PBXContainerItemProxy */;
		};
/* End PBXTargetDependency section */

/* Begin PBXVariantGroup section */
		2A925FF21A685B47009BE1C7 /* Main.storyboard */ = {
			isa = PBXVariantGroup;
			children = (
				2A925FF31A685B47009BE1C7 /* Base */,
			);
			name = Main.storyboard;
			sourceTree = "<group>";
		};
		2A925FF71A685B47009BE1C7 /* LaunchScreen.xib */ = {
			isa = PBXVariantGroup;
			children = (
				2A925FF81A685B47009BE1C7 /* Base */,
			);
			name = LaunchScreen.xib;
			sourceTree = "<group>";
		};
/* End PBXVariantGroup section */

/* Begin XCBuildConfiguration section */
		2A9260061A685B47009BE1C7 /* Debug */ = {
			isa = XCBuildConfiguration;
			buildSettings = {
				ALWAYS_SEARCH_USER_PATHS = NO;
				CLANG_CXX_LANGUAGE_STANDARD = "gnu++0x";
				CLANG_CXX_LIBRARY = "libc++";
				CLANG_ENABLE_MODULES = YES;
				CLANG_ENABLE_OBJC_ARC = YES;
				CLANG_WARN_BOOL_CONVERSION = YES;
				CLANG_WARN_CONSTANT_CONVERSION = YES;
				CLANG_WARN_DIRECT_OBJC_ISA_USAGE = YES_ERROR;
				CLANG_WARN_EMPTY_BODY = YES;
				CLANG_WARN_ENUM_CONVERSION = YES;
				CLANG_WARN_INT_CONVERSION = YES;
				CLANG_WARN_OBJC_ROOT_CLASS = YES_ERROR;
				CLANG_WARN_UNREACHABLE_CODE = YES;
				CLANG_WARN__DUPLICATE_METHOD_MATCH = YES;
				"CODE_SIGN_IDENTITY[sdk=iphoneos*]" = "iPhone Developer";
				COPY_PHASE_STRIP = NO;
				ENABLE_STRICT_OBJC_MSGSEND = YES;
				GCC_C_LANGUAGE_STANDARD = gnu99;
				GCC_DYNAMIC_NO_PIC = NO;
				GCC_OPTIMIZATION_LEVEL = 0;
				GCC_PREPROCESSOR_DEFINITIONS = (
					"DEBUG=1",
					"$(inherited)",
				);
				GCC_SYMBOLS_PRIVATE_EXTERN = NO;
				GCC_WARN_64_TO_32_BIT_CONVERSION = YES;
				GCC_WARN_ABOUT_RETURN_TYPE = YES_ERROR;
				GCC_WARN_UNDECLARED_SELECTOR = YES;
				GCC_WARN_UNINITIALIZED_AUTOS = YES_AGGRESSIVE;
				GCC_WARN_UNUSED_FUNCTION = YES;
				GCC_WARN_UNUSED_VARIABLE = YES;
				IPHONEOS_DEPLOYMENT_TARGET = 8.1;
				MTL_ENABLE_DEBUG_INFO = YES;
				ONLY_ACTIVE_ARCH = YES;
				SDKROOT = iphoneos;
				TARGETED_DEVICE_FAMILY = "1,2";
			};
			name = Debug;
		};
		2A9260071A685B47009BE1C7 /* Release */ = {
			isa = XCBuildConfiguration;
			buildSettings = {
				ALWAYS_SEARCH_USER_PATHS = NO;
				CLANG_CXX_LANGUAGE_STANDARD = "gnu++0x";
				CLANG_CXX_LIBRARY = "libc++";
				CLANG_ENABLE_MODULES = YES;
				CLANG_ENABLE_OBJC_ARC = YES;
				CLANG_WARN_BOOL_CONVERSION = YES;
				CLANG_WARN_CONSTANT_CONVERSION = YES;
				CLANG_WARN_DIRECT_OBJC_ISA_USAGE = YES_ERROR;
				CLANG_WARN_EMPTY_BODY = YES;
				CLANG_WARN_ENUM_CONVERSION = YES;
				CLANG_WARN_INT_CONVERSION = YES;
				CLANG_WARN_OBJC_ROOT_CLASS = YES_ERROR;
				CLANG_WARN_UNREACHABLE_CODE = YES;
				CLANG_WARN__DUPLICATE_METHOD_MATCH = YES;
				"CODE_SIGN_IDENTITY[sdk=iphoneos*]" = "iPhone Developer";
				COPY_PHASE_STRIP = YES;
				ENABLE_NS_ASSERTIONS = NO;
				ENABLE_STRICT_OBJC_MSGSEND = YES;
				GCC_C_LANGUAGE_STANDARD = gnu99;
				GCC_WARN_64_TO_32_BIT_CONVERSION = YES;
				GCC_WARN_ABOUT_RETURN_TYPE = YES_ERROR;
				GCC_WARN_UNDECLARED_SELECTOR = YES;
				GCC_WARN_UNINITIALIZED_AUTOS = YES_AGGRESSIVE;
				GCC_WARN_UNUSED_FUNCTION = YES;
				GCC_WARN_UNUSED_VARIABLE = YES;
				IPHONEOS_DEPLOYMENT_TARGET = 8.1;
				MTL_ENABLE_DEBUG_INFO = NO;
				SDKROOT = iphoneos;
				TARGETED_DEVICE_FAMILY = "1,2";
				VALIDATE_PRODUCT = YES;
			};
			name = Release;
		};
		2A9260091A685B47009BE1C7 /* Debug */ = {
			isa = XCBuildConfiguration;
			buildSettings = {
				ASSETCATALOG_COMPILER_APPICON_NAME = AppIcon;
				INFOPLIST_FILE = "AirDrop Demo/Info.plist";
				LD_RUNPATH_SEARCH_PATHS = "$(inherited) @executable_path/Frameworks";
				PRODUCT_NAME = "$(TARGET_NAME)";
			};
			name = Debug;
		};
		2A92600A1A685B47009BE1C7 /* Release */ = {
			isa = XCBuildConfiguration;
			buildSettings = {
				ASSETCATALOG_COMPILER_APPICON_NAME = AppIcon;
				INFOPLIST_FILE = "AirDrop Demo/Info.plist";
				LD_RUNPATH_SEARCH_PATHS = "$(inherited) @executable_path/Frameworks";
				PRODUCT_NAME = "$(TARGET_NAME)";
			};
			name = Release;
		};
		2A92600C1A685B47009BE1C7 /* Debug */ = {
			isa = XCBuildConfiguration;
			buildSettings = {
				BUNDLE_LOADER = "$(TEST_HOST)";
				FRAMEWORK_SEARCH_PATHS = (
					"$(SDKROOT)/Developer/Library/Frameworks",
					"$(inherited)",
				);
				GCC_PREPROCESSOR_DEFINITIONS = (
					"DEBUG=1",
					"$(inherited)",
				);
				INFOPLIST_FILE = "AirDrop DemoTests/Info.plist";
				LD_RUNPATH_SEARCH_PATHS = "$(inherited) @executable_path/Frameworks @loader_path/Frameworks";
				PRODUCT_NAME = "$(TARGET_NAME)";
				TEST_HOST = "$(BUILT_PRODUCTS_DIR)/AirDrop Demo.app/AirDrop Demo";
			};
			name = Debug;
		};
		2A92600D1A685B47009BE1C7 /* Release */ = {
			isa = XCBuildConfiguration;
			buildSettings = {
				BUNDLE_LOADER = "$(TEST_HOST)";
				FRAMEWORK_SEARCH_PATHS = (
					"$(SDKROOT)/Developer/Library/Frameworks",
					"$(inherited)",
				);
				INFOPLIST_FILE = "AirDrop DemoTests/Info.plist";
				LD_RUNPATH_SEARCH_PATHS = "$(inherited) @executable_path/Frameworks @loader_path/Frameworks";
				PRODUCT_NAME = "$(TARGET_NAME)";
				TEST_HOST = "$(BUILT_PRODUCTS_DIR)/AirDrop Demo.app/AirDrop Demo";
			};
			name = Release;
		};
/* End XCBuildConfiguration section */

/* Begin XCConfigurationList section */
		2A925FE01A685B47009BE1C7 /* Build configuration list for PBXProject "AirDrop Demo" */ = {
			isa = XCConfigurationList;
			buildConfigurations = (
				2A9260061A685B47009BE1C7 /* Debug */,
				2A9260071A685B47009BE1C7 /* Release */,
			);
			defaultConfigurationIsVisible = 0;
			defaultConfigurationName = Release;
		};
		2A9260081A685B47009BE1C7 /* Build configuration list for PBXNativeTarget "AirDrop Demo" */ = {
			isa = XCConfigurationList;
			buildConfigurations = (
				2A9260091A685B47009BE1C7 /* Debug */,
				2A92600A1A685B47009BE1C7 /* Release */,
			);
			defaultConfigurationIsVisible = 0;
		};
		2A92600B1A685B47009BE1C7 /* Build configuration list for PBXNativeTarget "AirDrop DemoTests" */ = {
			isa = XCConfigurationList;
			buildConfigurations = (
				2A92600C1A685B47009BE1C7 /* Debug */,
				2A92600D1A685B47009BE1C7 /* Release */,
			);
			defaultConfigurationIsVisible = 0;
		};
/* End XCConfigurationList section */
	};
	rootObject = 2A925FDD1A685B47009BE1C7 /* Project object */;
}
